
Microsoft Visual Studio Solution File, Format Version 12.00
# Visual Studio 2012
Project("{8BC9CEB8-8B4A-11D0-8D11-00A0C91BC942}") = "inherit_bookrun", "inherit_bookrun\inherit_bookrun.vcxproj", "{9C4215FF-656C-47B3-9443-81F3553D9726}"
EndProject
Global
	GlobalSection(SolutionConfigurationPlatforms) = preSolution
		Debug|Win32 = Debug|Win32
		Release|Win32 = Release|Win32
	EndGlobalSection
	GlobalSection(ProjectConfigurationPlatforms) = postSolution
		{9C4215FF-656C-47B3-9443-81F3553D9726}.Debug|Win32.ActiveCfg = Debug|Win32
		{9C4215FF-656C-47B3-9443-81F3553D9726}.Debug|Win32.Build.0 = Debug|Win32
		{9C4215FF-656C-47B3-9443-81F3553D9726}.Release|Win32.ActiveCfg = Release|Win32
		{9C4215FF-656C-47B3-9443-81F3553D9726}.Release|Win32.Build.0 = Release|Win32
	EndGlobalSection
	GlobalSection(SolutionProperties) = preSolution
		HideSolutionNode = FALSE
	EndGlobalSection
EndGlobal
